
Microsoft Visual Studio Solution File, Format Version 12.00
# Visual Studio Version 17
VisualStudioVersion = 17.4.33213.308
MinimumVisualStudioVersion = 10.0.40219.1
Project("{FAE04EC0-301F-11D3-BF4B-00C04F79EFBC}") = "HW2", "HW2\HW2.csproj", "{E26A975F-64D4-4B58-89B1-C161905F502E}"
EndProject
Global
	GlobalSection(SolutionConfigurationPlatforms) = preSolution
		Debug|Any CPU = Debug|Any CPU
		Release|Any CPU = Release|Any CPU
	EndGlobalSection
	GlobalSection(ProjectConfigurationPlatforms) = postSolution
		{E26A975F-64D4-4B58-89B1-C161905F502E}.Debug|Any CPU.ActiveCfg = Debug|Any CPU
		{E26A975F-64D4-4B58-89B1-C161905F502E}.Debug|Any CPU.Build.0 = Debug|Any CPU
		{E26A975F-64D4-4B58-89B1-C161905F502E}.Release|Any CPU.ActiveCfg = Release|Any CPU
		{E26A975F-64D4-4B58-89B1-C161905F502E}.Release|Any CPU.Build.0 = Release|Any CPU
	EndGlobalSection
	GlobalSection(SolutionProperties) = preSolution
		HideSolutionNode = FALSE
	EndGlobalSection
	GlobalSection(ExtensibilityGlobals) = postSolution
		SolutionGuid = {2D4ED65F-7E24-4310-934E-124B3CB2C81D}
	EndGlobalSection
EndGlobal
